
Microsoft Visual Studio Solution File, Format Version 12.00
# Visual Studio Version 16
VisualStudioVersion = 25.0.1703.5
MinimumVisualStudioVersion = 10.0.40219.1
Project("{FAE04EC0-301F-11D3-BF4B-00C04F79EFBC}") = "Ayakkabici", "Ayakkabici\Ayakkabici.csproj", "{D6B83FA6-449C-400B-A4B7-F77CC14E28C5}"
EndProject
Project("{FAE04EC0-301F-11D3-BF4B-00C04F79EFBC}") = "AppCore8137", "..\..\Projectsw\AppCore8137\AppCore8137\AppCore8137.csproj", "{1ECCD0CC-8372-4BA2-8E55-9E6884174642}"
EndProject
Project("{FAE04EC0-301F-11D3-BF4B-00C04F79EFBC}") = "DataAccess", "DataAccess\DataAccess.csproj", "{3AA574CF-55A1-40DF-AFA9-1BB45EF46476}"
EndProject
Global
	GlobalSection(SolutionConfigurationPlatforms) = preSolution
		Debug|Any CPU = Debug|Any CPU
		Release|Any CPU = Release|Any CPU
	EndGlobalSection
	GlobalSection(ProjectConfigurationPlatforms) = postSolution
		{D6B83FA6-449C-400B-A4B7-F77CC14E28C5}.Debug|Any CPU.ActiveCfg = Debug|Any CPU
		{D6B83FA6-449C-400B-A4B7-F77CC14E28C5}.Debug|Any CPU.Build.0 = Debug|Any CPU
		{D6B83FA6-449C-400B-A4B7-F77CC14E28C5}.Release|Any CPU.ActiveCfg = Release|Any CPU
		{D6B83FA6-449C-400B-A4B7-F77CC14E28C5}.Release|Any CPU.Build.0 = Release|Any CPU
		{1ECCD0CC-8372-4BA2-8E55-9E6884174642}.Debug|Any CPU.ActiveCfg = Debug|Any CPU
		{1ECCD0CC-8372-4BA2-8E55-9E6884174642}.Debug|Any CPU.Build.0 = Debug|Any CPU
		{1ECCD0CC-8372-4BA2-8E55-9E6884174642}.Release|Any CPU.ActiveCfg = Release|Any CPU
		{1ECCD0CC-8372-4BA2-8E55-9E6884174642}.Release|Any CPU.Build.0 = Release|Any CPU
		{3AA574CF-55A1-40DF-AFA9-1BB45EF46476}.Debug|Any CPU.ActiveCfg = Debug|Any CPU
		{3AA574CF-55A1-40DF-AFA9-1BB45EF46476}.Debug|Any CPU.Build.0 = Debug|Any CPU
		{3AA574CF-55A1-40DF-AFA9-1BB45EF46476}.Release|Any CPU.ActiveCfg = Release|Any CPU
		{3AA574CF-55A1-40DF-AFA9-1BB45EF46476}.Release|Any CPU.Build.0 = Release|Any CPU
	EndGlobalSection
	GlobalSection(SolutionProperties) = preSolution
		HideSolutionNode = FALSE
	EndGlobalSection
	GlobalSection(ExtensibilityGlobals) = postSolution
		SolutionGuid = {D58C8F16-77B4-43F0-9FA5-4E5BEB4F559B}
	EndGlobalSection
EndGlobal
